{
  "version": 4,
  "terraform_version": "1.5.7",
  "serial": 29,
  "lineage": "8e4e4a1a-b4c9-892f-47b7-07fcb4a0d849",
  "outputs": {},
  "resources": [
    {
      "mode": "managed",
      "type": "google_compute_firewall",
      "name": "netrunner_allow_http",
      "provider": "provider[\"registry.terraform.io/hashicorp/google\"]",
      "instances": [
        {
          "schema_version": 1,
          "attributes": {
            "allow": [
              {
                "ports": [
                  "80"
                ],
                "protocol": "tcp"
              }
            ],
            "creation_timestamp": "2026-03-29T15:55:57.886-07:00",
            "deny": [],
            "description": "",
            "destination_ranges": [],
            "direction": "INGRESS",
            "disabled": false,
            "enable_logging": null,
            "id": "projects/seir-netrunner/global/firewalls/netrunner-allow-http",
            "log_config": [],
            "name": "netrunner-allow-http",
            "network": "https://www.googleapis.com/compute/v1/projects/seir-netrunner/global/networks/default",
            "params": [],
            "priority": 1000,
            "project": "seir-netrunner",
            "self_link": "https://www.googleapis.com/compute/v1/projects/seir-netrunner/global/firewalls/netrunner-allow-http",
            "source_ranges": [
              "0.0.0.0/0"
            ],
            "source_service_accounts": null,
            "source_tags": null,
            "target_service_accounts": null,
            "target_tags": null,
            "timeouts": null
          },
          "sensitive_attributes": [],
          "private": "eyJlMmJmYjczMC1lY2FhLTExZTYtOGY4OC0zNDM2M2JjN2M0YzAiOnsiY3JlYXRlIjoxMjAwMDAwMDAwMDAwLCJkZWxldGUiOjEyMDAwMDAwMDAwMDAsInVwZGF0ZSI6MTIwMDAwMDAwMDAwMH0sInNjaGVtYV92ZXJzaW9uIjoiMSJ9"
        }
      ]
    },
    {
      "mode": "managed",
      "type": "google_compute_instance",
      "name": "week2-homework",
      "provider": "provider[\"registry.terraform.io/hashicorp/google\"]",
      "instances": [
        {
          "schema_version": 6,
          "attributes": {
            "advanced_machine_features": [],
            "allow_stopping_for_update": null,
            "attached_disk": [],
            "boot_disk": [
              {
                "auto_delete": true,
                "device_name": "week2-homework",
                "disk_encryption_key_raw": "",
                "disk_encryption_key_rsa": "",
                "disk_encryption_key_sha256": "",
                "disk_encryption_service_account": "",
                "force_attach": false,
                "guest_os_features": [
                  "UEFI_COMPATIBLE",
                  "VIRTIO_SCSI_MULTIQUEUE",
                  "GVNIC",
                  "SEV_CAPABLE",
                  "SEV_LIVE_MIGRATABLE_V2"
                ],
                "initialize_params": [
                  {
                    "architecture": "X86_64",
                    "enable_confidential_compute": false,
                    "image": "https://www.googleapis.com/compute/v1/projects/debian-cloud/global/images/debian-12-bookworm-v20260310",
                    "labels": {},
                    "provisioned_iops": 0,
                    "provisioned_throughput": 0,
                    "resource_manager_tags": null,
                    "resource_policies": [],
                    "size": 10,
                    "snapshot": "",
                    "source_image_encryption_key": [],
                    "source_snapshot_encryption_key": [],
                    "storage_pool": "",
                    "type": "pd-balanced"
                  }
                ],
                "interface": "",
                "kms_key_self_link": "",
                "mode": "READ_WRITE",
                "source": "https://www.googleapis.com/compute/v1/projects/seir-netrunner/zones/us-central1-a/disks/week2-homework"
              }
            ],
            "can_ip_forward": false,
            "confidential_instance_config": [],
            "cpu_platform": "Intel Broadwell",
            "creation_timestamp": "2026-03-29T15:55:58.368-07:00",
            "current_status": "RUNNING",
            "deletion_protection": false,
            "description": "",
            "desired_status": null,
            "effective_labels": {
              "goog-ec-src": "vm_add-tf",
              "goog-ops-agent-policy": "v2-template-1-5-0",
              "goog-terraform-provisioned": "true"
            },
            "enable_display": false,
            "guest_accelerator": [],
            "hostname": "",
            "id": "projects/seir-netrunner/zones/us-central1-a/instances/week2-homework",
            "instance_encryption_key": [],
            "instance_id": "6604820798427632401",
            "key_revocation_action_type": "",
            "label_fingerprint": "_UA-5utXopA=",
            "labels": {
              "goog-ec-src": "vm_add-tf",
              "goog-ops-agent-policy": "v2-template-1-5-0"
            },
            "machine_type": "e2-medium",
            "metadata": {
              "enable-osconfig": "TRUE",
              "startup-script": "#!/bin/bash\nset -euo pipefail\n\n#Chewbacca: The node awakens. And it will speak in HTML, plain text, and JSON.\n\n#Thanks for Aaron!\nsleep 5\napt update -y\napt install -y nginx curl jq\n\nMETADATA=\"http://metadata.google.internal/computeMetadata/v1\"\nHDR=\"Metadata-Flavor: Google\"\nmd() { curl -fsS -H \"$HDR\" \"${METADATA}/$1\" || echo \"unknown\"; }\n\nINSTANCE_NAME=\"$(md instance/name)\"\nHOSTNAME=\"$(hostname)\"\nPROJECT_ID=\"$(md project/project-id)\"\nZONE_FULL=\"$(md instance/zone)\"                  # projects/\u003cid\u003e/zones/us-central1-a\nZONE=\"${ZONE_FULL##*/}\"\nREGION=\"${ZONE%-*}\"\nMACHINE_TYPE_FULL=\"$(md instance/machine-type)\"\nMACHINE_TYPE=\"${MACHINE_TYPE_FULL##*/}\"\n\nINTERNAL_IP=\"$(md instance/network-interfaces/0/ip)\"\nEXTERNAL_IP=\"$(md instance/network-interfaces/0/access-configs/0/external-ip)\"\nVPC_FULL=\"$(md instance/network-interfaces/0/network)\"\nSUBNET_FULL=\"$(md instance/network-interfaces/0/subnetwork)\"\nVPC=\"${VPC_FULL##*/}\"\nSUBNET=\"${SUBNET_FULL##*/}\"\n\nSTART_TIME_UTC=\"$(date -u +\"%Y-%m-%dT%H:%M:%SZ\")\"\n\n# --- Student banner ---\n# Students set this when creating the VM by adding a metadata key:\n#   student_name = Darth Malgus Jr\nSTUDENT_NAME=\"$(md instance/attributes/student_name)\"\n[[ -z \"$STUDENT_NAME\" || \"$STUDENT_NAME\" == \"unknown\" ]] \u0026\u0026 STUDENT_NAME=\"Anonymous Padawan (temporarily)\"\n\n# --- Basic system stats ---\nUPTIME=\"$(uptime -p || true)\"\nLOADAVG=\"$(awk '{print $1\" \"$2\" \"$3}' /proc/loadavg 2\u003e/dev/null || echo \"unknown\")\"\n\nMEM_TOTAL_MB=\"$(free -m | awk '/Mem:/ {print $2}')\"\nMEM_USED_MB=\"$(free -m | awk '/Mem:/ {print $3}')\"\nMEM_FREE_MB=\"$(free -m | awk '/Mem:/ {print $4}')\"\n\nDISK_LINE=\"$(df -h / | tail -n 1)\"\nDISK_SIZE=\"$(echo \"$DISK_LINE\" | awk '{print $2}')\"\nDISK_USED=\"$(echo \"$DISK_LINE\" | awk '{print $3}')\"\nDISK_AVAIL=\"$(echo \"$DISK_LINE\" | awk '{print $4}')\"\nDISK_USEP=\"$(echo \"$DISK_LINE\" | awk '{print $5}')\"\n\n# --- Nginx config: add endpoints /healthz and /metadata ---\ncat \u003e /etc/nginx/sites-available/default \u003c\u003c'EOF'\nserver {\n    listen 80 default_server;\n    listen [::]:80 default_server;\n\n    root /var/www/html;\n    index index.html;\n\n    #Chewbacca: The homepage is for humans.\n    location = / {\n        try_files /index.html =404;\n    }\n\n    #Chewbacca: Health checks are for machines. Keep it boring.\n    location = /healthz {\n        default_type text/plain;\n        return 200 \"ok\\n\";\n    }\n\n    #Chewbacca: Metadata is for engineers and scripts.\n    location = /metadata {\n        default_type application/json;\n        try_files /metadata.json =404;\n    }\n}\nEOF\n\n# --- Write JSON endpoint file ---\ncat \u003e /var/www/html/metadata.json \u003c\u003cEOF\n{\n  \"service\": \"seir-i-node\",\n  \"student_name\": \"$(echo \"$STUDENT_NAME\" | sed 's/\"/\\\\\"/g')\",\n  \"project_id\": \"$PROJECT_ID\",\n  \"instance_name\": \"$INSTANCE_NAME\",\n  \"hostname\": \"$HOSTNAME\",\n  \"region\": \"$REGION\",\n  \"zone\": \"$ZONE\",\n  \"machine_type\": \"$MACHINE_TYPE\",\n  \"network\": {\n    \"vpc\": \"$VPC\",\n    \"subnet\": \"$SUBNET\",\n    \"internal_ip\": \"$INTERNAL_IP\",\n    \"external_ip\": \"$EXTERNAL_IP\"\n  },\n  \"health\": {\n    \"uptime\": \"$UPTIME\",\n    \"load_avg\": \"$LOADAVG\",\n    \"ram_mb\": {\"used\": $MEM_USED_MB, \"free\": $MEM_FREE_MB, \"total\": $MEM_TOTAL_MB},\n    \"disk_root\": {\"size\": \"$DISK_SIZE\", \"used\": \"$DISK_USED\", \"avail\": \"$DISK_AVAIL\", \"use_pct\": \"$DISK_USEP\"}\n  },\n  \"startup_utc\": \"$START_TIME_UTC\"\n}\nEOF\n\n# --- Write the main HTML dashboard ---\ncat \u003e /var/www/html/index.html \u003c\u003cEOF\n\u003c!DOCTYPE html\u003e\n\u003chtml\u003e\n\u003chead\u003e\n  \u003cmeta charset=\"utf-8\"/\u003e\n  \u003ctitle\u003eSEIR-I Ops Panel\u003c/title\u003e\n  \u003cmeta http-equiv=\"refresh\" content=\"10\"\u003e\n  \u003cstyle\u003e\n    body { background:#0b0c10; color:#c5c6c7; font-family: ui-monospace, SFMono-Regular, Menlo, Monaco, Consolas, \"Liberation Mono\", monospace; }\n    .wrap { max-width: 950px; margin: 40px auto; padding: 24px; }\n    h1 { color:#66fcf1; margin:0 0 8px 0; }\n    .sub { color:#45a29e; margin-bottom: 18px; }\n    .banner { border:1px solid #66fcf1; border-radius: 10px; padding: 10px 14px; margin-bottom: 14px; background: rgba(102,252,241,0.06); }\n    .grid { display:grid; grid-template-columns: 1fr 1fr; gap: 14px; }\n    .card { border:1px solid #45a29e; border-radius: 10px; padding: 14px 16px; background: rgba(255,255,255,0.03); }\n    .k { color:#66fcf1; }\n    .v { color:#ffffff; }\n    .footer { margin-top: 18px; color:#45a29e; font-size: 12px; }\n    a { color:#66fcf1; text-decoration:none; }\n    a:hover { text-decoration:underline; }\n  \u003c/style\u003e\n\u003c/head\u003e\n\u003cbody\u003e\n  \u003cdiv class=\"wrap\"\u003e\n    \u003ch1\u003e⚡ SEIR-I Ops Panel — Node Online ⚡\u003c/h1\u003e\n    \u003cdiv class=\"sub\"\u003eThis is your proof-of-life: VM + startup automation + HTTP service.\u003c/div\u003e\n\n    \u003cdiv class=\"banner\"\u003e\n      \u003cspan class=\"k\"\u003eDeploy Banner:\u003c/span\u003e\n      \u003cspan class=\"v\"\u003e${STUDENT_NAME}\u003c/span\u003e\n      \u003cspan class=\"k\"\u003e | Startup UTC:\u003c/span\u003e\n      \u003cspan class=\"v\"\u003e${START_TIME_UTC}\u003c/span\u003e\n      \u003cspan class=\"k\"\u003e | Auto-refresh:\u003c/span\u003e\n      \u003cspan class=\"v\"\u003e10s\u003c/span\u003e\n    \u003c/div\u003e\n\n    \u003cdiv class=\"grid\"\u003e\n      \u003cdiv class=\"card\"\u003e\n        \u003cdiv class=\"k\"\u003eIdentity\u003c/div\u003e\n        \u003cdiv\u003e\u003cspan class=\"k\"\u003eProject:\u003c/span\u003e \u003cspan class=\"v\"\u003e${PROJECT_ID}\u003c/span\u003e\u003c/div\u003e\n        \u003cdiv\u003e\u003cspan class=\"k\"\u003eInstance:\u003c/span\u003e \u003cspan class=\"v\"\u003e${INSTANCE_NAME}\u003c/span\u003e\u003c/div\u003e\n        \u003cdiv\u003e\u003cspan class=\"k\"\u003eHostname:\u003c/span\u003e \u003cspan class=\"v\"\u003e${HOSTNAME}\u003c/span\u003e\u003c/div\u003e\n        \u003cdiv\u003e\u003cspan class=\"k\"\u003eMachine:\u003c/span\u003e \u003cspan class=\"v\"\u003e${MACHINE_TYPE}\u003c/span\u003e\u003c/div\u003e\n      \u003c/div\u003e\n\n      \u003cdiv class=\"card\"\u003e\n        \u003cdiv class=\"k\"\u003eLocation\u003c/div\u003e\n        \u003cdiv\u003e\u003cspan class=\"k\"\u003eRegion:\u003c/span\u003e \u003cspan class=\"v\"\u003e${REGION}\u003c/span\u003e\u003c/div\u003e\n        \u003cdiv\u003e\u003cspan class=\"k\"\u003eZone:\u003c/span\u003e \u003cspan class=\"v\"\u003e${ZONE}\u003c/span\u003e\u003c/div\u003e\n        \u003cdiv\u003e\u003cspan class=\"k\"\u003eUptime:\u003c/span\u003e \u003cspan class=\"v\"\u003e${UPTIME}\u003c/span\u003e\u003c/div\u003e\n        \u003cdiv\u003e\u003cspan class=\"k\"\u003eLoad Avg:\u003c/span\u003e \u003cspan class=\"v\"\u003e${LOADAVG}\u003c/span\u003e\u003c/div\u003e\n      \u003c/div\u003e\n\n      \u003cdiv class=\"card\"\u003e\n        \u003cdiv class=\"k\"\u003eNetwork\u003c/div\u003e\n        \u003cdiv\u003e\u003cspan class=\"k\"\u003eVPC:\u003c/span\u003e \u003cspan class=\"v\"\u003e${VPC}\u003c/span\u003e\u003c/div\u003e\n        \u003cdiv\u003e\u003cspan class=\"k\"\u003eSubnet:\u003c/span\u003e \u003cspan class=\"v\"\u003e${SUBNET}\u003c/span\u003e\u003c/div\u003e\n        \u003cdiv\u003e\u003cspan class=\"k\"\u003eInternal IP:\u003c/span\u003e \u003cspan class=\"v\"\u003e${INTERNAL_IP}\u003c/span\u003e\u003c/div\u003e\n        \u003cdiv\u003e\u003cspan class=\"k\"\u003eExternal IP:\u003c/span\u003e \u003cspan class=\"v\"\u003e${EXTERNAL_IP}\u003c/span\u003e\u003c/div\u003e\n      \u003c/div\u003e\n\n      \u003cdiv class=\"card\"\u003e\n        \u003cdiv class=\"k\"\u003eSystem\u003c/div\u003e\n        \u003cdiv\u003e\u003cspan class=\"k\"\u003eRAM:\u003c/span\u003e \u003cspan class=\"v\"\u003e${MEM_USED_MB} used / ${MEM_FREE_MB} free / ${MEM_TOTAL_MB} total (MB)\u003c/span\u003e\u003c/div\u003e\n        \u003cdiv\u003e\u003cspan class=\"k\"\u003eDisk (/):\u003c/span\u003e \u003cspan class=\"v\"\u003e${DISK_USED} used / ${DISK_AVAIL} avail / ${DISK_SIZE} total (${DISK_USEP})\u003c/span\u003e\u003c/div\u003e\n        \u003cdiv class=\"k\" style=\"margin-top:10px;\"\u003eEndpoints\u003c/div\u003e\n        \u003cdiv\u003e\u003ca href=\"/healthz\"\u003e/healthz\u003c/a\u003e (plain text)\u003c/div\u003e\n        \u003cdiv\u003e\u003ca href=\"/metadata\"\u003e/metadata\u003c/a\u003e (JSON)\u003c/div\u003e\n      \u003c/div\u003e\n    \u003c/div\u003e\n\n    \u003cdiv class=\"footer\"\u003e\n      #Chewbacca: Humans celebrate the dashboard. Machines trust /healthz. Engineers curl /metadata.\n    \u003c/div\u003e\n  \u003c/div\u003e\n\u003c/body\u003e\n\u003c/html\u003e\nEOF\n\nsystemctl enable nginx \u003e/dev/null 2\u003e\u00261 || true\nsystemctl restart nginx\n\n#Chewbacca: Proof in terminal too.\necho \"OK: SEIR-I node deployed.\"\necho \"Try:\"\necho \"  curl -s localhost/healthz\"\necho \"  curl -s localhost/metadata | jq .\""
            },
            "metadata_fingerprint": "JxY3YoR7YSE=",
            "metadata_startup_script": null,
            "min_cpu_platform": "",
            "name": "week2-homework",
            "network_interface": [
              {
                "access_config": [
                  {
                    "nat_ip": "35.193.27.139",
                    "network_tier": "PREMIUM",
                    "public_ptr_domain_name": ""
                  }
                ],
                "alias_ip_range": [],
                "internal_ipv6_prefix_length": 0,
                "ipv6_access_config": [],
                "ipv6_access_type": "",
                "ipv6_address": "",
                "name": "nic0",
                "network": "https://www.googleapis.com/compute/v1/projects/seir-netrunner/global/networks/default",
                "network_attachment": "",
                "network_ip": "10.128.0.8",
                "nic_type": "",
                "queue_count": 0,
                "stack_type": "IPV4_ONLY",
                "subnetwork": "https://www.googleapis.com/compute/v1/projects/seir-netrunner/regions/us-central1/subnetworks/default",
                "subnetwork_project": "seir-netrunner"
              }
            ],
            "network_performance_config": [],
            "params": [],
            "project": "seir-netrunner",
            "reservation_affinity": [
              {
                "specific_reservation": [],
                "type": "ANY_RESERVATION"
              }
            ],
            "resource_policies": null,
            "scheduling": [
              {
                "automatic_restart": true,
                "availability_domain": 0,
                "instance_termination_action": "",
                "local_ssd_recovery_timeout": [],
                "max_run_duration": [],
                "min_node_cpus": 0,
                "node_affinities": [],
                "on_host_maintenance": "MIGRATE",
                "on_instance_stop_action": [],
                "preemptible": false,
                "provisioning_model": "STANDARD",
                "termination_time": ""
              }
            ],
            "scratch_disk": [],
            "self_link": "https://www.googleapis.com/compute/v1/projects/seir-netrunner/zones/us-central1-a/instances/week2-homework",
            "service_account": [
              {
                "email": "612853436093-compute@developer.gserviceaccount.com",
                "scopes": [
                  "https://www.googleapis.com/auth/devstorage.read_only",
                  "https://www.googleapis.com/auth/logging.write",
                  "https://www.googleapis.com/auth/monitoring.write",
                  "https://www.googleapis.com/auth/service.management.readonly",
                  "https://www.googleapis.com/auth/servicecontrol",
                  "https://www.googleapis.com/auth/trace.append"
                ]
              }
            ],
            "shielded_instance_config": [
              {
                "enable_integrity_monitoring": true,
                "enable_secure_boot": false,
                "enable_vtpm": true
              }
            ],
            "tags": [
              "http-web"
            ],
            "tags_fingerprint": "nvKuV_44Tpk=",
            "terraform_labels": {
              "goog-ec-src": "vm_add-tf",
              "goog-ops-agent-policy": "v2-template-1-5-0",
              "goog-terraform-provisioned": "true"
            },
            "timeouts": null,
            "zone": "us-central1-a"
          },
          "sensitive_attributes": [],
          "private": "eyJlMmJmYjczMC1lY2FhLTExZTYtOGY4OC0zNDM2M2JjN2M0YzAiOnsiY3JlYXRlIjoxMjAwMDAwMDAwMDAwLCJkZWxldGUiOjEyMDAwMDAwMDAwMDAsInVwZGF0ZSI6MTIwMDAwMDAwMDAwMH0sInNjaGVtYV92ZXJzaW9uIjoiNiJ9"
        }
      ]
    },
    {
      "module": "module.ops_agent_policy",
      "mode": "managed",
      "type": "google_os_config_os_policy_assignment",
      "name": "ops_agent_policy",
      "provider": "provider[\"registry.terraform.io/hashicorp/google\"]",
      "instances": [
        {
          "schema_version": 0,
          "attributes": {
            "baseline": true,
            "deleted": false,
            "description": "Cloud Ops Policy Assignment via Terraform",
            "etag": "54a902b0-4293-4c3f-8505-7104a04c39d2",
            "id": "projects/seir-netrunner/locations/us-central1-a/osPolicyAssignments/goog-ops-agent-v2-template-1-5-0-us-central1-a",
            "instance_filter": [
              {
                "all": false,
                "exclusion_labels": [],
                "inclusion_labels": [
                  {
                    "labels": {
                      "goog-ops-agent-policy": "v2-template-1-5-0"
                    }
                  }
                ],
                "inventories": []
              }
            ],
            "location": "us-central1-a",
            "name": "goog-ops-agent-v2-template-1-5-0-us-central1-a",
            "os_policies": [
              {
                "allow_no_resource_group_match": true,
                "description": "AUTO-GENERATED VALUE, DO NOT EDIT! | {\"packageState\":\"installed\",\"version\":\"latest\"}",
                "id": "goog-ops-agent-policy",
                "mode": "ENFORCEMENT",
                "resource_groups": [
                  {
                    "inventory_filters": [
                      {
                        "os_short_name": "centos",
                        "os_version": "7"
                      },
                      {
                        "os_short_name": "rhel",
                        "os_version": "7.*"
                      }
                    ],
                    "resources": [
                      {
                        "exec": [],
                        "file": [],
                        "id": "add-repo",
                        "pkg": [],
                        "repository": [
                          {
                            "apt": [],
                            "goo": [],
                            "yum": [
                              {
                                "base_url": "https://packages.cloud.google.com/yum/repos/google-cloud-ops-agent-el7-x86_64-all",
                                "display_name": "Google Cloud Ops Agent Repository",
                                "gpg_keys": [
                                  "https://packages.cloud.google.com/yum/doc/yum-key.gpg",
                                  "https://packages.cloud.google.com/yum/doc/rpm-package-key.gpg"
                                ],
                                "id": "google-cloud-ops-agent"
                              }
                            ],
                            "zypper": []
                          }
                        ]
                      },
                      {
                        "exec": [],
                        "file": [],
                        "id": "install-pkg",
                        "pkg": [
                          {
                            "apt": [],
                            "deb": [],
                            "desired_state": "INSTALLED",
                            "googet": [],
                            "msi": [],
                            "rpm": [],
                            "yum": [
                              {
                                "name": "google-cloud-ops-agent"
                              }
                            ],
                            "zypper": []
                          }
                        ],
                        "repository": []
                      }
                    ]
                  },
                  {
                    "inventory_filters": [
                      {
                        "os_short_name": "centos",
                        "os_version": "8"
                      },
                      {
                        "os_short_name": "rocky",
                        "os_version": "8.*"
                      },
                      {
                        "os_short_name": "rhel",
                        "os_version": "8.*"
                      }
                    ],
                    "resources": [
                      {
                        "exec": [],
                        "file": [],
                        "id": "add-repo",
                        "pkg": [],
                        "repository": [
                          {
                            "apt": [],
                            "goo": [],
                            "yum": [
                              {
                                "base_url": "https://packages.cloud.google.com/yum/repos/google-cloud-ops-agent-el8-x86_64-all",
                                "display_name": "Google Cloud Ops Agent Repository",
                                "gpg_keys": [
                                  "https://packages.cloud.google.com/yum/doc/yum-key.gpg",
                                  "https://packages.cloud.google.com/yum/doc/rpm-package-key.gpg"
                                ],
                                "id": "google-cloud-ops-agent"
                              }
                            ],
                            "zypper": []
                          }
                        ]
                      },
                      {
                        "exec": [],
                        "file": [],
                        "id": "install-pkg",
                        "pkg": [
                          {
                            "apt": [],
                            "deb": [],
                            "desired_state": "INSTALLED",
                            "googet": [],
                            "msi": [],
                            "rpm": [],
                            "yum": [
                              {
                                "name": "google-cloud-ops-agent"
                              }
                            ],
                            "zypper": []
                          }
                        ],
                        "repository": []
                      }
                    ]
                  },
                  {
                    "inventory_filters": [
                      {
                        "os_short_name": "rocky",
                        "os_version": "9.*"
                      },
                      {
                        "os_short_name": "rhel",
                        "os_version": "9.*"
                      }
                    ],
                    "resources": [
                      {
                        "exec": [],
                        "file": [],
                        "id": "add-repo",
                        "pkg": [],
                        "repository": [
                          {
                            "apt": [],
                            "goo": [],
                            "yum": [
                              {
                                "base_url": "https://packages.cloud.google.com/yum/repos/google-cloud-ops-agent-el9-x86_64-all",
                                "display_name": "Google Cloud Ops Agent Repository",
                                "gpg_keys": [
                                  "https://packages.cloud.google.com/yum/doc/yum-key.gpg",
                                  "https://packages.cloud.google.com/yum/doc/rpm-package-key.gpg"
                                ],
                                "id": "google-cloud-ops-agent"
                              }
                            ],
                            "zypper": []
                          }
                        ]
                      },
                      {
                        "exec": [],
                        "file": [],
                        "id": "install-pkg",
                        "pkg": [
                          {
                            "apt": [],
                            "deb": [],
                            "desired_state": "INSTALLED",
                            "googet": [],
                            "msi": [],
                            "rpm": [],
                            "yum": [
                              {
                                "name": "google-cloud-ops-agent"
                              }
                            ],
                            "zypper": []
                          }
                        ],
                        "repository": []
                      }
                    ]
                  },
                  {
                    "inventory_filters": [
                      {
                        "os_short_name": "sles",
                        "os_version": "12.*"
                      }
                    ],
                    "resources": [
                      {
                        "exec": [],
                        "file": [],
                        "id": "add-repo",
                        "pkg": [],
                        "repository": [
                          {
                            "apt": [],
                            "goo": [],
                            "yum": [],
                            "zypper": [
                              {
                                "base_url": "https://packages.cloud.google.com/yum/repos/google-cloud-ops-agent-sles12-x86_64-all",
                                "display_name": "Google Cloud Ops Agent Repository",
                                "gpg_keys": [
                                  "https://packages.cloud.google.com/yum/doc/yum-key.gpg",
                                  "https://packages.cloud.google.com/yum/doc/rpm-package-key.gpg"
                                ],
                                "id": "google-cloud-ops-agent"
                              }
                            ]
                          }
                        ]
                      },
                      {
                        "exec": [
                          {
                            "enforce": [
                              {
                                "args": null,
                                "file": [],
                                "interpreter": "SHELL",
                                "output_file_path": "",
                                "script": "echo hello"
                              }
                            ],
                            "validate": [
                              {
                                "args": null,
                                "file": [],
                                "interpreter": "SHELL",
                                "output_file_path": "",
                                "script": "rpm --import https://packages.cloud.google.com/yum/doc/yum-key.gpg; rpm --import https://packages.cloud.google.com/yum/doc/rpm-package-key.gpg; exit 100;"
                              }
                            ]
                          }
                        ],
                        "file": [],
                        "id": "import-key",
                        "pkg": [],
                        "repository": []
                      },
                      {
                        "exec": [],
                        "file": [],
                        "id": "install-pkg",
                        "pkg": [
                          {
                            "apt": [],
                            "deb": [],
                            "desired_state": "INSTALLED",
                            "googet": [],
                            "msi": [],
                            "rpm": [],
                            "yum": [],
                            "zypper": [
                              {
                                "name": "google-cloud-ops-agent"
                              }
                            ]
                          }
                        ],
                        "repository": []
                      }
                    ]
                  },
                  {
                    "inventory_filters": [
                      {
                        "os_short_name": "sles",
                        "os_version": "15.*"
                      },
                      {
                        "os_short_name": "opensuse-leap",
                        "os_version": "15.*"
                      }
                    ],
                    "resources": [
                      {
                        "exec": [],
                        "file": [],
                        "id": "add-repo",
                        "pkg": [],
                        "repository": [
                          {
                            "apt": [],
                            "goo": [],
                            "yum": [],
                            "zypper": [
                              {
                                "base_url": "https://packages.cloud.google.com/yum/repos/google-cloud-ops-agent-sles15-x86_64-all",
                                "display_name": "Google Cloud Ops Agent Repository",
                                "gpg_keys": [
                                  "https://packages.cloud.google.com/yum/doc/yum-key.gpg",
                                  "https://packages.cloud.google.com/yum/doc/rpm-package-key.gpg"
                                ],
                                "id": "google-cloud-ops-agent"
                              }
                            ]
                          }
                        ]
                      },
                      {
                        "exec": [],
                        "file": [],
                        "id": "install-pkg",
                        "pkg": [
                          {
                            "apt": [],
                            "deb": [],
                            "desired_state": "INSTALLED",
                            "googet": [],
                            "msi": [],
                            "rpm": [],
                            "yum": [],
                            "zypper": [
                              {
                                "name": "google-cloud-ops-agent"
                              }
                            ]
                          }
                        ],
                        "repository": []
                      }
                    ]
                  },
                  {
                    "inventory_filters": [
                      {
                        "os_short_name": "debian",
                        "os_version": "10"
                      }
                    ],
                    "resources": [
                      {
                        "exec": [],
                        "file": [],
                        "id": "add-repo",
                        "pkg": [],
                        "repository": [
                          {
                            "apt": [
                              {
                                "archive_type": "DEB",
                                "components": [
                                  "main"
                                ],
                                "distribution": "google-cloud-ops-agent-buster-all",
                                "gpg_key": "https://packages.cloud.google.com/apt/doc/apt-key.gpg",
                                "uri": "https://packages.cloud.google.com/apt"
                              }
                            ],
                            "goo": [],
                            "yum": [],
                            "zypper": []
                          }
                        ]
                      },
                      {
                        "exec": [],
                        "file": [],
                        "id": "install-pkg",
                        "pkg": [
                          {
                            "apt": [
                              {
                                "name": "google-cloud-ops-agent"
                              }
                            ],
                            "deb": [],
                            "desired_state": "INSTALLED",
                            "googet": [],
                            "msi": [],
                            "rpm": [],
                            "yum": [],
                            "zypper": []
                          }
                        ],
                        "repository": []
                      }
                    ]
                  },
                  {
                    "inventory_filters": [
                      {
                        "os_short_name": "debian",
                        "os_version": "11"
                      }
                    ],
                    "resources": [
                      {
                        "exec": [],
                        "file": [],
                        "id": "add-repo",
                        "pkg": [],
                        "repository": [
                          {
                            "apt": [
                              {
                                "archive_type": "DEB",
                                "components": [
                                  "main"
                                ],
                                "distribution": "google-cloud-ops-agent-bullseye-all",
                                "gpg_key": "https://packages.cloud.google.com/apt/doc/apt-key.gpg",
                                "uri": "https://packages.cloud.google.com/apt"
                              }
                            ],
                            "goo": [],
                            "yum": [],
                            "zypper": []
                          }
                        ]
                      },
                      {
                        "exec": [],
                        "file": [],
                        "id": "install-pkg",
                        "pkg": [
                          {
                            "apt": [
                              {
                                "name": "google-cloud-ops-agent"
                              }
                            ],
                            "deb": [],
                            "desired_state": "INSTALLED",
                            "googet": [],
                            "msi": [],
                            "rpm": [],
                            "yum": [],
                            "zypper": []
                          }
                        ],
                        "repository": []
                      }
                    ]
                  },
                  {
                    "inventory_filters": [
                      {
                        "os_short_name": "debian",
                        "os_version": "12"
                      }
                    ],
                    "resources": [
                      {
                        "exec": [],
                        "file": [],
                        "id": "add-repo",
                        "pkg": [],
                        "repository": [
                          {
                            "apt": [
                              {
                                "archive_type": "DEB",
                                "components": [
                                  "main"
                                ],
                                "distribution": "google-cloud-ops-agent-bookworm-all",
                                "gpg_key": "https://packages.cloud.google.com/apt/doc/apt-key.gpg",
                                "uri": "https://packages.cloud.google.com/apt"
                              }
                            ],
                            "goo": [],
                            "yum": [],
                            "zypper": []
                          }
                        ]
                      },
                      {
                        "exec": [],
                        "file": [],
                        "id": "install-pkg",
                        "pkg": [
                          {
                            "apt": [
                              {
                                "name": "google-cloud-ops-agent"
                              }
                            ],
                            "deb": [],
                            "desired_state": "INSTALLED",
                            "googet": [],
                            "msi": [],
                            "rpm": [],
                            "yum": [],
                            "zypper": []
                          }
                        ],
                        "repository": []
                      }
                    ]
                  },
                  {
                    "inventory_filters": [
                      {
                        "os_short_name": "ubuntu",
                        "os_version": "18.04"
                      }
                    ],
                    "resources": [
                      {
                        "exec": [
                          {
                            "enforce": [
                              {
                                "args": null,
                                "file": [],
                                "interpreter": "SHELL",
                                "output_file_path": "",
                                "script": "echo hello"
                              }
                            ],
                            "validate": [
                              {
                                "args": null,
                                "file": [],
                                "interpreter": "SHELL",
                                "output_file_path": "",
                                "script": "cloud-init status --wait; exit 100;"
                              }
                            ]
                          }
                        ],
                        "file": [],
                        "id": "wait-for-cloud-init",
                        "pkg": [],
                        "repository": []
                      },
                      {
                        "exec": [],
                        "file": [],
                        "id": "add-repo",
                        "pkg": [],
                        "repository": [
                          {
                            "apt": [
                              {
                                "archive_type": "DEB",
                                "components": [
                                  "main"
                                ],
                                "distribution": "google-cloud-ops-agent-bionic-all",
                                "gpg_key": "https://packages.cloud.google.com/apt/doc/apt-key.gpg",
                                "uri": "https://packages.cloud.google.com/apt"
                              }
                            ],
                            "goo": [],
                            "yum": [],
                            "zypper": []
                          }
                        ]
                      },
                      {
                        "exec": [],
                        "file": [],
                        "id": "install-pkg",
                        "pkg": [
                          {
                            "apt": [
                              {
                                "name": "google-cloud-ops-agent"
                              }
                            ],
                            "deb": [],
                            "desired_state": "INSTALLED",
                            "googet": [],
                            "msi": [],
                            "rpm": [],
                            "yum": [],
                            "zypper": []
                          }
                        ],
                        "repository": []
                      }
                    ]
                  },
                  {
                    "inventory_filters": [
                      {
                        "os_short_name": "ubuntu",
                        "os_version": "20.04"
                      }
                    ],
                    "resources": [
                      {
                        "exec": [
                          {
                            "enforce": [
                              {
                                "args": null,
                                "file": [],
                                "interpreter": "SHELL",
                                "output_file_path": "",
                                "script": "echo hello"
                              }
                            ],
                            "validate": [
                              {
                                "args": null,
                                "file": [],
                                "interpreter": "SHELL",
                                "output_file_path": "",
                                "script": "cloud-init status --wait; exit 100;"
                              }
                            ]
                          }
                        ],
                        "file": [],
                        "id": "wait-for-cloud-init",
                        "pkg": [],
                        "repository": []
                      },
                      {
                        "exec": [],
                        "file": [],
                        "id": "add-repo",
                        "pkg": [],
                        "repository": [
                          {
                            "apt": [
                              {
                                "archive_type": "DEB",
                                "components": [
                                  "main"
                                ],
                                "distribution": "google-cloud-ops-agent-focal-all",
                                "gpg_key": "https://packages.cloud.google.com/apt/doc/apt-key.gpg",
                                "uri": "https://packages.cloud.google.com/apt"
                              }
                            ],
                            "goo": [],
                            "yum": [],
                            "zypper": []
                          }
                        ]
                      },
                      {
                        "exec": [],
                        "file": [],
                        "id": "install-pkg",
                        "pkg": [
                          {
                            "apt": [
                              {
                                "name": "google-cloud-ops-agent"
                              }
                            ],
                            "deb": [],
                            "desired_state": "INSTALLED",
                            "googet": [],
                            "msi": [],
                            "rpm": [],
                            "yum": [],
                            "zypper": []
                          }
                        ],
                        "repository": []
                      }
                    ]
                  },
                  {
                    "inventory_filters": [
                      {
                        "os_short_name": "ubuntu",
                        "os_version": "22.04"
                      }
                    ],
                    "resources": [
                      {
                        "exec": [
                          {
                            "enforce": [
                              {
                                "args": null,
                                "file": [],
                                "interpreter": "SHELL",
                                "output_file_path": "",
                                "script": "echo hello"
                              }
                            ],
                            "validate": [
                              {
                                "args": null,
                                "file": [],
                                "interpreter": "SHELL",
                                "output_file_path": "",
                                "script": "cloud-init status --wait; exit 100;"
                              }
                            ]
                          }
                        ],
                        "file": [],
                        "id": "wait-for-cloud-init",
                        "pkg": [],
                        "repository": []
                      },
                      {
                        "exec": [],
                        "file": [],
                        "id": "add-repo",
                        "pkg": [],
                        "repository": [
                          {
                            "apt": [
                              {
                                "archive_type": "DEB",
                                "components": [
                                  "main"
                                ],
                                "distribution": "google-cloud-ops-agent-jammy-all",
                                "gpg_key": "https://packages.cloud.google.com/apt/doc/apt-key.gpg",
                                "uri": "https://packages.cloud.google.com/apt"
                              }
                            ],
                            "goo": [],
                            "yum": [],
                            "zypper": []
                          }
                        ]
                      },
                      {
                        "exec": [],
                        "file": [],
                        "id": "install-pkg",
                        "pkg": [
                          {
                            "apt": [
                              {
                                "name": "google-cloud-ops-agent"
                              }
                            ],
                            "deb": [],
                            "desired_state": "INSTALLED",
                            "googet": [],
                            "msi": [],
                            "rpm": [],
                            "yum": [],
                            "zypper": []
                          }
                        ],
                        "repository": []
                      }
                    ]
                  },
                  {
                    "inventory_filters": [
                      {
                        "os_short_name": "ubuntu",
                        "os_version": "23.10"
                      }
                    ],
                    "resources": [
                      {
                        "exec": [
                          {
                            "enforce": [
                              {
                                "args": null,
                                "file": [],
                                "interpreter": "SHELL",
                                "output_file_path": "",
                                "script": "echo hello"
                              }
                            ],
                            "validate": [
                              {
                                "args": null,
                                "file": [],
                                "interpreter": "SHELL",
                                "output_file_path": "",
                                "script": "cloud-init status --wait; exit 100;"
                              }
                            ]
                          }
                        ],
                        "file": [],
                        "id": "wait-for-cloud-init",
                        "pkg": [],
                        "repository": []
                      },
                      {
                        "exec": [],
                        "file": [],
                        "id": "add-repo",
                        "pkg": [],
                        "repository": [
                          {
                            "apt": [
                              {
                                "archive_type": "DEB",
                                "components": [
                                  "main"
                                ],
                                "distribution": "google-cloud-ops-agent-mantic-all",
                                "gpg_key": "https://packages.cloud.google.com/apt/doc/apt-key.gpg",
                                "uri": "https://packages.cloud.google.com/apt"
                              }
                            ],
                            "goo": [],
                            "yum": [],
                            "zypper": []
                          }
                        ]
                      },
                      {
                        "exec": [],
                        "file": [],
                        "id": "install-pkg",
                        "pkg": [
                          {
                            "apt": [
                              {
                                "name": "google-cloud-ops-agent"
                              }
                            ],
                            "deb": [],
                            "desired_state": "INSTALLED",
                            "googet": [],
                            "msi": [],
                            "rpm": [],
                            "yum": [],
                            "zypper": []
                          }
                        ],
                        "repository": []
                      }
                    ]
                  },
                  {
                    "inventory_filters": [
                      {
                        "os_short_name": "ubuntu",
                        "os_version": "24.04"
                      }
                    ],
                    "resources": [
                      {
                        "exec": [
                          {
                            "enforce": [
                              {
                                "args": null,
                                "file": [],
                                "interpreter": "SHELL",
                                "output_file_path": "",
                                "script": "echo hello"
                              }
                            ],
                            "validate": [
                              {
                                "args": null,
                                "file": [],
                                "interpreter": "SHELL",
                                "output_file_path": "",
                                "script": "cloud-init status --wait; exit 100;"
                              }
                            ]
                          }
                        ],
                        "file": [],
                        "id": "wait-for-cloud-init",
                        "pkg": [],
                        "repository": []
                      },
                      {
                        "exec": [],
                        "file": [],
                        "id": "add-repo",
                        "pkg": [],
                        "repository": [
                          {
                            "apt": [
                              {
                                "archive_type": "DEB",
                                "components": [
                                  "main"
                                ],
                                "distribution": "google-cloud-ops-agent-noble-all",
                                "gpg_key": "https://packages.cloud.google.com/apt/doc/apt-key.gpg",
                                "uri": "https://packages.cloud.google.com/apt"
                              }
                            ],
                            "goo": [],
                            "yum": [],
                            "zypper": []
                          }
                        ]
                      },
                      {
                        "exec": [],
                        "file": [],
                        "id": "install-pkg",
                        "pkg": [
                          {
                            "apt": [
                              {
                                "name": "google-cloud-ops-agent"
                              }
                            ],
                            "deb": [],
                            "desired_state": "INSTALLED",
                            "googet": [],
                            "msi": [],
                            "rpm": [],
                            "yum": [],
                            "zypper": []
                          }
                        ],
                        "repository": []
                      }
                    ]
                  },
                  {
                    "inventory_filters": [
                      {
                        "os_short_name": "windows",
                        "os_version": "10.*"
                      },
                      {
                        "os_short_name": "windows",
                        "os_version": "6.*"
                      }
                    ],
                    "resources": [
                      {
                        "exec": [],
                        "file": [],
                        "id": "add-repo",
                        "pkg": [],
                        "repository": [
                          {
                            "apt": [],
                            "goo": [
                              {
                                "name": "Google Cloud Ops Agent",
                                "url": "https://packages.cloud.google.com/yuck/repos/google-cloud-ops-agent-windows-all"
                              }
                            ],
                            "yum": [],
                            "zypper": []
                          }
                        ]
                      },
                      {
                        "exec": [],
                        "file": [],
                        "id": "install-pkg",
                        "pkg": [
                          {
                            "apt": [],
                            "deb": [],
                            "desired_state": "INSTALLED",
                            "googet": [
                              {
                                "name": "google-cloud-ops-agent"
                              }
                            ],
                            "msi": [],
                            "rpm": [],
                            "yum": [],
                            "zypper": []
                          }
                        ],
                        "repository": []
                      }
                    ]
                  }
                ]
              }
            ],
            "project": "seir-netrunner",
            "reconciling": false,
            "revision_create_time": "2026-03-29T22:55:57.817284Z",
            "revision_id": "a03bf003-7f83-46bc-b2d0-97f0382ee3c1",
            "rollout": [
              {
                "disruption_budget": [
                  {
                    "fixed": 0,
                    "percent": 100
                  }
                ],
                "min_wait_duration": "0s"
              }
            ],
            "rollout_state": "SUCCEEDED",
            "skip_await_rollout": true,
            "timeouts": null,
            "uid": "738dba62-cb2e-4995-8edb-d2803005c4bc"
          },
          "sensitive_attributes": [],
          "private": "eyJlMmJmYjczMC1lY2FhLTExZTYtOGY4OC0zNDM2M2JjN2M0YzAiOnsiY3JlYXRlIjoxMjAwMDAwMDAwMDAwLCJkZWxldGUiOjEyMDAwMDAwMDAwMDAsInVwZGF0ZSI6MTIwMDAwMDAwMDAwMH19"
        }
      ]
    }
  ],
  "check_results": null
}
